// !$*UTF8*$!
{
	archiveVersion = 1;
	classes = {
	};
	objectVersion = 46;
	objects = {

/* Begin PBXBuildFile section */
		2706C2831EAB8561002721E0 /* TopicRequest.swift in Sources */ = {isa = PBXBuildFile; fileRef = 2706C2821EAB8561002721E0 /* TopicRequest.swift */; };
		2706C2851EAB9FA4002721E0 /* TopicArticleRequest.swift in Sources */ = {isa = PBXBuildFile; fileRef = 2706C2841EAB9FA4002721E0 /* TopicArticleRequest.swift */; };
		2706C28E1EABAD63002721E0 /* CollectionCell.swift in Sources */ = {isa = PBXBuildFile; fileRef = 2706C28C1EABAD63002721E0 /* CollectionCell.swift */; };
		2706C28F1EABAD63002721E0 /* CollectionCell.xib in Resources */ = {isa = PBXBuildFile; fileRef = 2706C28D1EABAD63002721E0 /* CollectionCell.xib */; };
		2706C2911EABCBF3002721E0 /* Topic.swift in Sources */ = {isa = PBXBuildFile; fileRef = 2706C2901EABCBF3002721E0 /* Topic.swift */; };
		2706C2931EABD379002721E0 /* Article.swift in Sources */ = {isa = PBXBuildFile; fileRef = 2706C2921EABD379002721E0 /* Article.swift */; };
		27711C381EAB802200A1DF3F /* AppDelegate.swift in Sources */ = {isa = PBXBuildFile; fileRef = 27711C371EAB802200A1DF3F /* AppDelegate.swift */; };
		27711C3A1EAB802200A1DF3F /* ViewController.swift in Sources */ = {isa = PBXBuildFile; fileRef = 27711C391EAB802200A1DF3F /* ViewController.swift */; };
		27711C3D1EAB802200A1DF3F /* Main.storyboard in Resources */ = {isa = PBXBuildFile; fileRef = 27711C3B1EAB802200A1DF3F /* Main.storyboard */; };
		27711C3F1EAB802200A1DF3F /* Assets.xcassets in Resources */ = {isa = PBXBuildFile; fileRef = 27711C3E1EAB802200A1DF3F /* Assets.xcassets */; };
		27711C421EAB802200A1DF3F /* LaunchScreen.storyboard in Resources */ = {isa = PBXBuildFile; fileRef = 27711C401EAB802200A1DF3F /* LaunchScreen.storyboard */; };
		27711C4D1EAB802200A1DF3F /* LITETests.swift in Sources */ = {isa = PBXBuildFile; fileRef = 27711C4C1EAB802200A1DF3F /* LITETests.swift */; };
		27711C581EAB802300A1DF3F /* LITEUITests.swift in Sources */ = {isa = PBXBuildFile; fileRef = 27711C571EAB802300A1DF3F /* LITEUITests.swift */; };
		7667917B3AAC959C7D34B5E4 /* Pods_LITETests.framework in Frameworks */ = {isa = PBXBuildFile; fileRef = 2DFAF7F5C6E1A0593623CF06 /* Pods_LITETests.framework */; };
		83DFA7A7532D8A6B6CA9CD50 /* Pods_LITE.framework in Frameworks */ = {isa = PBXBuildFile; fileRef = ED2A433D26887E3A33B2E814 /* Pods_LITE.framework */; };
		B8E1DBDC89A5DFE3A28C5BD4 /* Pods_LITEUITests.framework in Frameworks */ = {isa = PBXBuildFile; fileRef = FFCB69B92DAFB05677782475 /* Pods_LITEUITests.framework */; };
/* End PBXBuildFile section */

/* Begin PBXContainerItemProxy section */
		27711C491EAB802200A1DF3F /* PBXContainerItemProxy */ = {
			isa = PBXContainerItemProxy;
			containerPortal = 27711C2C1EAB802200A1DF3F /* Project object */;
			proxyType = 1;
			remoteGlobalIDString = 27711C331EAB802200A1DF3F;
			remoteInfo = LITE;
		};
		27711C541EAB802200A1DF3F /* PBXContainerItemProxy */ = {
			isa = PBXContainerItemProxy;
			containerPortal = 27711C2C1EAB802200A1DF3F /* Project object */;
			proxyType = 1;
			remoteGlobalIDString = 27711C331EAB802200A1DF3F;
			remoteInfo = LITE;
		};
/* End PBXContainerItemProxy section */

/* Begin PBXFileReference section */
		1598B7D828B7E1DB482F8115 /* Pods-LITEUITests.debug.xcconfig */ = {isa = PBXFileReference; includeInIndex = 1; lastKnownFileType = text.xcconfig; name = "Pods-LITEUITests.debug.xcconfig"; path = "Pods/Target Support Files/Pods-LITEUITests/Pods-LITEUITests.debug.xcconfig"; sourceTree = "<group>"; };
		2706C2821EAB8561002721E0 /* TopicRequest.swift */ = {isa = PBXFileReference; fileEncoding = 4; lastKnownFileType = sourcecode.swift; path = TopicRequest.swift; sourceTree = "<group>"; };
		2706C2841EAB9FA4002721E0 /* TopicArticleRequest.swift */ = {isa = PBXFileReference; fileEncoding = 4; lastKnownFileType = sourcecode.swift; path = TopicArticleRequest.swift; sourceTree = "<group>"; };
		2706C28C1EABAD63002721E0 /* CollectionCell.swift */ = {isa = PBXFileReference; fileEncoding = 4; lastKnownFileType = sourcecode.swift; path = CollectionCell.swift; sourceTree = "<group>"; };
		2706C28D1EABAD63002721E0 /* CollectionCell.xib */ = {isa = PBXFileReference; fileEncoding = 4; lastKnownFileType = file.xib; path = CollectionCell.xib; sourceTree = "<group>"; };
		2706C2901EABCBF3002721E0 /* Topic.swift */ = {isa = PBXFileReference; fileEncoding = 4; lastKnownFileType = sourcecode.swift; path = Topic.swift; sourceTree = "<group>"; };
		2706C2921EABD379002721E0 /* Article.swift */ = {isa = PBXFileReference; fileEncoding = 4; lastKnownFileType = sourcecode.swift; path = Article.swift; sourceTree = "<group>"; };
		27711C341EAB802200A1DF3F /* LITE.app */ = {isa = PBXFileReference; explicitFileType = wrapper.application; includeInIndex = 0; path = LITE.app; sourceTree = BUILT_PRODUCTS_DIR; };
		27711C371EAB802200A1DF3F /* AppDelegate.swift */ = {isa = PBXFileReference; lastKnownFileType = sourcecode.swift; path = AppDelegate.swift; sourceTree = "<group>"; };
		27711C391EAB802200A1DF3F /* ViewController.swift */ = {isa = PBXFileReference; lastKnownFileType = sourcecode.swift; path = ViewController.swift; sourceTree = "<group>"; };
		27711C3C1EAB802200A1DF3F /* Base */ = {isa = PBXFileReference; lastKnownFileType = file.storyboard; name = Base; path = Base.lproj/Main.storyboard; sourceTree = "<group>"; };
		27711C3E1EAB802200A1DF3F /* Assets.xcassets */ = {isa = PBXFileReference; lastKnownFileType = folder.assetcatalog; path = Assets.xcassets; sourceTree = "<group>"; };
		27711C411EAB802200A1DF3F /* Base */ = {isa = PBXFileReference; lastKnownFileType = file.storyboard; name = Base; path = Base.lproj/LaunchScreen.storyboard; sourceTree = "<group>"; };
		27711C431EAB802200A1DF3F /* Info.plist */ = {isa = PBXFileReference; lastKnownFileType = text.plist.xml; path = Info.plist; sourceTree = "<group>"; };
		27711C481EAB802200A1DF3F /* LITETests.xctest */ = {isa = PBXFileReference; explicitFileType = wrapper.cfbundle; includeInIndex = 0; path = LITETests.xctest; sourceTree = BUILT_PRODUCTS_DIR; };
		27711C4C1EAB802200A1DF3F /* LITETests.swift */ = {isa = PBXFileReference; lastKnownFileType = sourcecode.swift; path = LITETests.swift; sourceTree = "<group>"; };
		27711C4E1EAB802200A1DF3F /* Info.plist */ = {isa = PBXFileReference; lastKnownFileType = text.plist.xml; path = Info.plist; sourceTree = "<group>"; };
		27711C531EAB802200A1DF3F /* LITEUITests.xctest */ = {isa = PBXFileReference; explicitFileType = wrapper.cfbundle; includeInIndex = 0; path = LITEUITests.xctest; sourceTree = BUILT_PRODUCTS_DIR; };
		27711C571EAB802300A1DF3F /* LITEUITests.swift */ = {isa = PBXFileReference; lastKnownFileType = sourcecode.swift; path = LITEUITests.swift; sourceTree = "<group>"; };
		27711C591EAB802300A1DF3F /* Info.plist */ = {isa = PBXFileReference; lastKnownFileType = text.plist.xml; path = Info.plist; sourceTree = "<group>"; };
		2DFAF7F5C6E1A0593623CF06 /* Pods_LITETests.framework */ = {isa = PBXFileReference; explicitFileType = wrapper.framework; includeInIndex = 0; path = Pods_LITETests.framework; sourceTree = BUILT_PRODUCTS_DIR; };
		9DAF53590E11F50E89F33FB1 /* Pods-LITETests.release.xcconfig */ = {isa = PBXFileReference; includeInIndex = 1; lastKnownFileType = text.xcconfig; name = "Pods-LITETests.release.xcconfig"; path = "Pods/Target Support Files/Pods-LITETests/Pods-LITETests.release.xcconfig"; sourceTree = "<group>"; };
		AA3C18BA98836106E9B23A40 /* Pods-LITE.release.xcconfig */ = {isa = PBXFileReference; includeInIndex = 1; lastKnownFileType = text.xcconfig; name = "Pods-LITE.release.xcconfig"; path = "Pods/Target Support Files/Pods-LITE/Pods-LITE.release.xcconfig"; sourceTree = "<group>"; };
		ED2A433D26887E3A33B2E814 /* Pods_LITE.framework */ = {isa = PBXFileReference; explicitFileType = wrapper.framework; includeInIndex = 0; path = Pods_LITE.framework; sourceTree = BUILT_PRODUCTS_DIR; };
		F3652DEFE039DA4F45AF10E2 /* Pods-LITE.debug.xcconfig */ = {isa = PBXFileReference; includeInIndex = 1; lastKnownFileType = text.xcconfig; name = "Pods-LITE.debug.xcconfig"; path = "Pods/Target Support Files/Pods-LITE/Pods-LITE.debug.xcconfig"; sourceTree = "<group>"; };
		FBC38CFD077409CFC9F8CB2E /* Pods-LITETests.debug.xcconfig */ = {isa = PBXFileReference; includeInIndex = 1; lastKnownFileType = text.xcconfig; name = "Pods-LITETests.debug.xcconfig"; path = "Pods/Target Support Files/Pods-LITETests/Pods-LITETests.debug.xcconfig"; sourceTree = "<group>"; };
		FCC681D125A37BFF28776262 /* Pods-LITEUITests.release.xcconfig */ = {isa = PBXFileReference; includeInIndex = 1; lastKnownFileType = text.xcconfig; name = "Pods-LITEUITests.release.xcconfig"; path = "Pods/Target Support Files/Pods-LITEUITests/Pods-LITEUITests.release.xcconfig"; sourceTree = "<group>"; };
		FFCB69B92DAFB05677782475 /* Pods_LITEUITests.framework */ = {isa = PBXFileReference; explicitFileType = wrapper.framework; includeInIndex = 0; path = Pods_LITEUITests.framework; sourceTree = BUILT_PRODUCTS_DIR; };
/* End PBXFileReference section */

/* Begin PBXFrameworksBuildPhase section */
		27711C311EAB802200A1DF3F /* Frameworks */ = {
			isa = PBXFrameworksBuildPhase;
			buildActionMask = 2147483647;
			files = (
				83DFA7A7532D8A6B6CA9CD50 /* Pods_LITE.framework in Frameworks */,
			);
			runOnlyForDeploymentPostprocessing = 0;
		};
		27711C451EAB802200A1DF3F /* Frameworks */ = {
			isa = PBXFrameworksBuildPhase;
			buildActionMask = 2147483647;
			files = (
				7667917B3AAC959C7D34B5E4 /* Pods_LITETests.framework in Frameworks */,
			);
			runOnlyForDeploymentPostprocessing = 0;
		};
		27711C501EAB802200A1DF3F /* Frameworks */ = {
			isa = PBXFrameworksBuildPhase;
			buildActionMask = 2147483647;
			files = (
				B8E1DBDC89A5DFE3A28C5BD4 /* Pods_LITEUITests.framework in Frameworks */,
			);
			runOnlyForDeploymentPostprocessing = 0;
		};
/* End PBXFrameworksBuildPhase section */

/* Begin PBXGroup section */
		2706C2811EAB8534002721E0 /* API */ = {
			isa = PBXGroup;
			children = (
				2706C2821EAB8561002721E0 /* TopicRequest.swift */,
				2706C2841EAB9FA4002721E0 /* TopicArticleRequest.swift */,
				2706C2901EABCBF3002721E0 /* Topic.swift */,
				2706C2921EABD379002721E0 /* Article.swift */,
			);
			name = API;
			sourceTree = "<group>";
		};
		27711C2B1EAB802200A1DF3F = {
			isa = PBXGroup;
			children = (
				27711C361EAB802200A1DF3F /* LITE */,
				27711C4B1EAB802200A1DF3F /* LITETests */,
				27711C561EAB802300A1DF3F /* LITEUITests */,
				27711C351EAB802200A1DF3F /* Products */,
				4223025924A8F4ABFEE85A94 /* Pods */,
				8A759448FEF9ABA9775023A8 /* Frameworks */,
			);
			sourceTree = "<group>";
		};
		27711C351EAB802200A1DF3F /* Products */ = {
			isa = PBXGroup;
			children = (
				27711C341EAB802200A1DF3F /* LITE.app */,
				27711C481EAB802200A1DF3F /* LITETests.xctest */,
				27711C531EAB802200A1DF3F /* LITEUITests.xctest */,
			);
			name = Products;
			sourceTree = "<group>";
		};
		27711C361EAB802200A1DF3F /* LITE */ = {
			isa = PBXGroup;
			children = (
				2706C2811EAB8534002721E0 /* API */,
				27711C371EAB802200A1DF3F /* AppDelegate.swift */,
				27711C391EAB802200A1DF3F /* ViewController.swift */,
				2706C28C1EABAD63002721E0 /* CollectionCell.swift */,
				2706C28D1EABAD63002721E0 /* CollectionCell.xib */,
				27711C3B1EAB802200A1DF3F /* Main.storyboard */,
				27711C3E1EAB802200A1DF3F /* Assets.xcassets */,
				27711C401EAB802200A1DF3F /* LaunchScreen.storyboard */,
				27711C431EAB802200A1DF3F /* Info.plist */,
			);
			path = LITE;
			sourceTree = "<group>";
		};
		27711C4B1EAB802200A1DF3F /* LITETests */ = {
			isa = PBXGroup;
			children = (
				27711C4C1EAB802200A1DF3F /* LITETests.swift */,
				27711C4E1EAB802200A1DF3F /* Info.plist */,
			);
			path = LITETests;
			sourceTree = "<group>";
		};
		27711C561EAB802300A1DF3F /* LITEUITests */ = {
			isa = PBXGroup;
			children = (
				27711C571EAB802300A1DF3F /* LITEUITests.swift */,
				27711C591EAB802300A1DF3F /* Info.plist */,
			);
			path = LITEUITests;
			sourceTree = "<group>";
		};
		4223025924A8F4ABFEE85A94 /* Pods */ = {
			isa = PBXGroup;
			children = (
				F3652DEFE039DA4F45AF10E2 /* Pods-LITE.debug.xcconfig */,
				AA3C18BA98836106E9B23A40 /* Pods-LITE.release.xcconfig */,
				FBC38CFD077409CFC9F8CB2E /* Pods-LITETests.debug.xcconfig */,
				9DAF53590E11F50E89F33FB1 /* Pods-LITETests.release.xcconfig */,
				1598B7D828B7E1DB482F8115 /* Pods-LITEUITests.debug.xcconfig */,
				FCC681D125A37BFF28776262 /* Pods-LITEUITests.release.xcconfig */,
			);
			name = Pods;
			sourceTree = "<group>";
		};
		8A759448FEF9ABA9775023A8 /* Frameworks */ = {
			isa = PBXGroup;
			children = (
				ED2A433D26887E3A33B2E814 /* Pods_LITE.framework */,
				2DFAF7F5C6E1A0593623CF06 /* Pods_LITETests.framework */,
				FFCB69B92DAFB05677782475 /* Pods_LITEUITests.framework */,
			);
			name = Frameworks;
			sourceTree = "<group>";
		};
/* End PBXGroup section */

/* Begin PBXNativeTarget section */
		27711C331EAB802200A1DF3F /* LITE */ = {
			isa = PBXNativeTarget;
			buildConfigurationList = 27711C5C1EAB802300A1DF3F /* Build configuration list for PBXNativeTarget "LITE" */;
			buildPhases = (
				F6D4A54CCEE9226F88A23519 /* [CP] Check Pods Manifest.lock */,
				27711C301EAB802200A1DF3F /* Sources */,
				27711C311EAB802200A1DF3F /* Frameworks */,
				27711C321EAB802200A1DF3F /* Resources */,
				02ED0D70316C08CC0EAF3590 /* [CP] Embed Pods Frameworks */,
				34B6E6E451643772698BF7B4 /* [CP] Copy Pods Resources */,
			);
			buildRules = (
			);
			dependencies = (
			);
			name = LITE;
			productName = LITE;
			productReference = 27711C341EAB802200A1DF3F /* LITE.app */;
			productType = "com.apple.product-type.application";
		};
		27711C471EAB802200A1DF3F /* LITETests */ = {
			isa = PBXNativeTarget;
			buildConfigurationList = 27711C5F1EAB802300A1DF3F /* Build configuration list for PBXNativeTarget "LITETests" */;
			buildPhases = (
				5B6F9FDD9EB11698033940A6 /* [CP] Check Pods Manifest.lock */,
				27711C441EAB802200A1DF3F /* Sources */,
				27711C451EAB802200A1DF3F /* Frameworks */,
				27711C461EAB802200A1DF3F /* Resources */,
				C9488F1A070C776CD3F80325 /* [CP] Embed Pods Frameworks */,
				ED2F51FB7EBB581F25AD17E0 /* [CP] Copy Pods Resources */,
			);
			buildRules = (
			);
			dependencies = (
				27711C4A1EAB802200A1DF3F /* PBXTargetDependency */,
			);
			name = LITETests;
			productName = LITETests;
			productReference = 27711C481EAB802200A1DF3F /* LITETests.xctest */;
			productType = "com.apple.product-type.bundle.unit-test";
		};
		27711C521EAB802200A1DF3F /* LITEUITests */ = {
			isa = PBXNativeTarget;
			buildConfigurationList = 27711C621EAB802300A1DF3F /* Build configuration list for PBXNativeTarget "LITEUITests" */;
			buildPhases = (
				8850597918FD1C759379E8E7 /* [CP] Check Pods Manifest.lock */,
				27711C4F1EAB802200A1DF3F /* Sources */,
				27711C501EAB802200A1DF3F /* Frameworks */,
				27711C511EAB802200A1DF3F /* Resources */,
				89E18B2A7121DB6BAFE2343B /* [CP] Embed Pods Frameworks */,
				905164F48113689E29EB567C /* [CP] Copy Pods Resources */,
			);
			buildRules = (
			);
			dependencies = (
				27711C551EAB802200A1DF3F /* PBXTargetDependency */,
			);
			name = LITEUITests;
			productName = LITEUITests;
			productReference = 27711C531EAB802200A1DF3F /* LITEUITests.xctest */;
			productType = "com.apple.product-type.bundle.ui-testing";
		};
/* End PBXNativeTarget section */

/* Begin PBXProject section */
		27711C2C1EAB802200A1DF3F /* Project object */ = {
			isa = PBXProject;
			attributes = {
				LastSwiftUpdateCheck = 0830;
				LastUpgradeCheck = 0830;
				ORGANIZATIONNAME = "Kenichi Saito";
				TargetAttributes = {
					27711C331EAB802200A1DF3F = {
						CreatedOnToolsVersion = 8.3.2;
						DevelopmentTeam = 3AD34YEUE5;
						ProvisioningStyle = Automatic;
					};
					27711C471EAB802200A1DF3F = {
						CreatedOnToolsVersion = 8.3.2;
						DevelopmentTeam = 3AD34YEUE5;
						ProvisioningStyle = Automatic;
						TestTargetID = 27711C331EAB802200A1DF3F;
					};
					27711C521EAB802200A1DF3F = {
						CreatedOnToolsVersion = 8.3.2;
						DevelopmentTeam = 3AD34YEUE5;
						ProvisioningStyle = Automatic;
						TestTargetID = 27711C331EAB802200A1DF3F;
					};
				};
			};
			buildConfigurationList = 27711C2F1EAB802200A1DF3F /* Build configuration list for PBXProject "LITE" */;
			compatibilityVersion = "Xcode 3.2";
			developmentRegion = English;
			hasScannedForEncodings = 0;
			knownRegions = (
				en,
				Base,
			);
			mainGroup = 27711C2B1EAB802200A1DF3F;
			productRefGroup = 27711C351EAB802200A1DF3F /* Products */;
			projectDirPath = "";
			projectRoot = "";
			targets = (
				27711C331EAB802200A1DF3F /* LITE */,
				27711C471EAB802200A1DF3F /* LITETests */,
				27711C521EAB802200A1DF3F /* LITEUITests */,
			);
		};
/* End PBXProject section */

/* Begin PBXResourcesBuildPhase section */
		27711C321EAB802200A1DF3F /* Resources */ = {
			isa = PBXResourcesBuildPhase;
			buildActionMask = 2147483647;
			files = (
				2706C28F1EABAD63002721E0 /* CollectionCell.xib in Resources */,
				27711C421EAB802200A1DF3F /* LaunchScreen.storyboard in Resources */,
				27711C3F1EAB802200A1DF3F /* Assets.xcassets in Resources */,
				27711C3D1EAB802200A1DF3F /* Main.storyboard in Resources */,
			);
			runOnlyForDeploymentPostprocessing = 0;
		};
		27711C461EAB802200A1DF3F /* Resources */ = {
			isa = PBXResourcesBuildPhase;
			buildActionMask = 2147483647;
			files = (
			);
			runOnlyForDeploymentPostprocessing = 0;
		};
		27711C511EAB802200A1DF3F /* Resources */ = {
			isa = PBXResourcesBuildPhase;
			buildActionMask = 2147483647;
			files = (
			);
			runOnlyForDeploymentPostprocessing = 0;
		};
/* End PBXResourcesBuildPhase section */

/* Begin PBXShellScriptBuildPhase section */
		02ED0D70316C08CC0EAF3590 /* [CP] Embed Pods Frameworks */ = {
			isa = PBXShellScriptBuildPhase;
			buildActionMask = 2147483647;
			files = (
			);
			inputPaths = (
			);
			name = "[CP] Embed Pods Frameworks";
			outputPaths = (
			);
			runOnlyForDeploymentPostprocessing = 0;
			shellPath = /bin/sh;
			shellScript = "\"${SRCROOT}/Pods/Target Support Files/Pods-LITE/Pods-LITE-frameworks.sh\"\n";
			showEnvVarsInLog = 0;
		};
		34B6E6E451643772698BF7B4 /* [CP] Copy Pods Resources */ = {
			isa = PBXShellScriptBuildPhase;
			buildActionMask = 2147483647;
			files = (
			);
			inputPaths = (
			);
			name = "[CP] Copy Pods Resources";
			outputPaths = (
			);
			runOnlyForDeploymentPostprocessing = 0;
			shellPath = /bin/sh;
			shellScript = "\"${SRCROOT}/Pods/Target Support Files/Pods-LITE/Pods-LITE-resources.sh\"\n";
			showEnvVarsInLog = 0;
		};
		5B6F9FDD9EB11698033940A6 /* [CP] Check Pods Manifest.lock */ = {
			isa = PBXShellScriptBuildPhase;
			buildActionMask = 2147483647;
			files = (
			);
			inputPaths = (
			);
			name = "[CP] Check Pods Manifest.lock";
			outputPaths = (
			);
			runOnlyForDeploymentPostprocessing = 0;
			shellPath = /bin/sh;
			shellScript = "diff \"${PODS_ROOT}/../Podfile.lock\" \"${PODS_ROOT}/Manifest.lock\" > /dev/null\nif [ $? != 0 ] ; then\n    # print error to STDERR\n    echo \"error: The sandbox is not in sync with the Podfile.lock. Run 'pod install' or update your CocoaPods installation.\" >&2\n    exit 1\nfi\n";
			showEnvVarsInLog = 0;
		};
		8850597918FD1C759379E8E7 /* [CP] Check Pods Manifest.lock */ = {
			isa = PBXShellScriptBuildPhase;
			buildActionMask = 2147483647;
			files = (
			);
			inputPaths = (
			);
			name = "[CP] Check Pods Manifest.lock";
			outputPaths = (
			);
			runOnlyForDeploymentPostprocessing = 0;
			shellPath = /bin/sh;
			shellScript = "diff \"${PODS_ROOT}/../Podfile.lock\" \"${PODS_ROOT}/Manifest.lock\" > /dev/null\nif [ $? != 0 ] ; then\n    # print error to STDERR\n    echo \"error: The sandbox is not in sync with the Podfile.lock. Run 'pod install' or update your CocoaPods installation.\" >&2\n    exit 1\nfi\n";
			showEnvVarsInLog = 0;
		};
		89E18B2A7121DB6BAFE2343B /* [CP] Embed Pods Frameworks */ = {
			isa = PBXShellScriptBuildPhase;
			buildActionMask = 2147483647;
			files = (
			);
			inputPaths = (
			);
			name = "[CP] Embed Pods Frameworks";
			outputPaths = (
			);
			runOnlyForDeploymentPostprocessing = 0;
			shellPath = /bin/sh;
			shellScript = "\"${SRCROOT}/Pods/Target Support Files/Pods-LITEUITests/Pods-LITEUITests-frameworks.sh\"\n";
			showEnvVarsInLog = 0;
		};
		905164F48113689E29EB567C /* [CP] Copy Pods Resources */ = {
			isa = PBXShellScriptBuildPhase;
			buildActionMask = 2147483647;
			files = (
			);
			inputPaths = (
			);
			name = "[CP] Copy Pods Resources";
			outputPaths = (
			);
			runOnlyForDeploymentPostprocessing = 0;
			shellPath = /bin/sh;
			shellScript = "\"${SRCROOT}/Pods/Target Support Files/Pods-LITEUITests/Pods-LITEUITests-resources.sh\"\n";
			showEnvVarsInLog = 0;
		};
		C9488F1A070C776CD3F80325 /* [CP] Embed Pods Frameworks */ = {
			isa = PBXShellScriptBuildPhase;
			buildActionMask = 2147483647;
			files = (
			);
			inputPaths = (
			);
			name = "[CP] Embed Pods Frameworks";
			outputPaths = (
			);
			runOnlyForDeploymentPostprocessing = 0;
			shellPath = /bin/sh;
			shellScript = "\"${SRCROOT}/Pods/Target Support Files/Pods-LITETests/Pods-LITETests-frameworks.sh\"\n";
			showEnvVarsInLog = 0;
		};
		ED2F51FB7EBB581F25AD17E0 /* [CP] Copy Pods Resources */ = {
			isa = PBXShellScriptBuildPhase;
			buildActionMask = 2147483647;
			files = (
			);
			inputPaths = (
			);
			name = "[CP] Copy Pods Resources";
			outputPaths = (
			);
			runOnlyForDeploymentPostprocessing = 0;
			shellPath = /bin/sh;
			shellScript = "\"${SRCROOT}/Pods/Target Support Files/Pods-LITETests/Pods-LITETests-resources.sh\"\n";
			showEnvVarsInLog = 0;
		};
		F6D4A54CCEE9226F88A23519 /* [CP] Check Pods Manifest.lock */ = {
			isa = PBXShellScriptBuildPhase;
			buildActionMask = 2147483647;
			files = (
			);
			inputPaths = (
			);
			name = "[CP] Check Pods Manifest.lock";
			outputPaths = (
			);
			runOnlyForDeploymentPostprocessing = 0;
			shellPath = /bin/sh;
			shellScript = "diff \"${PODS_ROOT}/../Podfile.lock\" \"${PODS_ROOT}/Manifest.lock\" > /dev/null\nif [ $? != 0 ] ; then\n    # print error to STDERR\n    echo \"error: The sandbox is not in sync with the Podfile.lock. Run 'pod install' or update your CocoaPods installation.\" >&2\n    exit 1\nfi\n";
			showEnvVarsInLog = 0;
		};
/* End PBXShellScriptBuildPhase section */

/* Begin PBXSourcesBuildPhase section */
		27711C301EAB802200A1DF3F /* Sources */ = {
			isa = PBXSourcesBuildPhase;
			buildActionMask = 2147483647;
			files = (
				2706C2931EABD379002721E0 /* Article.swift in Sources */,
				2706C2851EAB9FA4002721E0 /* TopicArticleRequest.swift in Sources */,
				2706C2911EABCBF3002721E0 /* Topic.swift in Sources */,
				27711C3A1EAB802200A1DF3F /* ViewController.swift in Sources */,
				2706C2831EAB8561002721E0 /* TopicRequest.swift in Sources */,
				27711C381EAB802200A1DF3F /* AppDelegate.swift in Sources */,
				2706C28E1EABAD63002721E0 /* CollectionCell.swift in Sources */,
			);
			runOnlyForDeploymentPostprocessing = 0;
		};
		27711C441EAB802200A1DF3F /* Sources */ = {
			isa = PBXSourcesBuildPhase;
			buildActionMask = 2147483647;
			files = (
				27711C4D1EAB802200A1DF3F /* LITETests.swift in Sources */,
			);
			runOnlyForDeploymentPostprocessing = 0;
		};
		27711C4F1EAB802200A1DF3F /* Sources */ = {
			isa = PBXSourcesBuildPhase;
			buildActionMask = 2147483647;
			files = (
				27711C581EAB802300A1DF3F /* LITEUITests.swift in Sources */,
			);
			runOnlyForDeploymentPostprocessing = 0;
		};
/* End PBXSourcesBuildPhase section */

/* Begin PBXTargetDependency section */
		27711C4A1EAB802200A1DF3F /* PBXTargetDependency */ = {
			isa = PBXTargetDependency;
			target = 27711C331EAB802200A1DF3F /* LITE */;
			targetProxy = 27711C491EAB802200A1DF3F /* PBXContainerItemProxy */;
		};
		27711C551EAB802200A1DF3F /* PBXTargetDependency */ = {
			isa = PBXTargetDependency;
			target = 27711C331EAB802200A1DF3F /* LITE */;
			targetProxy = 27711C541EAB802200A1DF3F /* PBXContainerItemProxy */;
		};
/* End PBXTargetDependency section */

/* Begin PBXVariantGroup section */
		27711C3B1EAB802200A1DF3F /* Main.storyboard */ = {
			isa = PBXVariantGroup;
			children = (
				27711C3C1EAB802200A1DF3F /* Base */,
			);
			name = Main.storyboard;
			sourceTree = "<group>";
		};
		27711C401EAB802200A1DF3F /* LaunchScreen.storyboard */ = {
			isa = PBXVariantGroup;
			children = (
				27711C411EAB802200A1DF3F /* Base */,
			);
			name = LaunchScreen.storyboard;
			sourceTree = "<group>";
		};
/* End PBXVariantGroup section */

/* Begin XCBuildConfiguration section */
		27711C5A1EAB802300A1DF3F /* Debug */ = {
			isa = XCBuildConfiguration;
			buildSettings = {
				ALWAYS_SEARCH_USER_PATHS = NO;
				CLANG_ANALYZER_NONNULL = YES;
				CLANG_ANALYZER_NUMBER_OBJECT_CONVERSION = YES_AGGRESSIVE;
				CLANG_CXX_LANGUAGE_STANDARD = "gnu++0x";
				CLANG_CXX_LIBRARY = "libc++";
				CLANG_ENABLE_MODULES = YES;
				CLANG_ENABLE_OBJC_ARC = YES;
				CLANG_WARN_BOOL_CONVERSION = YES;
				CLANG_WARN_CONSTANT_CONVERSION = YES;
				CLANG_WARN_DIRECT_OBJC_ISA_USAGE = YES_ERROR;
				CLANG_WARN_DOCUMENTATION_COMMENTS = YES;
				CLANG_WARN_EMPTY_BODY = YES;
				CLANG_WARN_ENUM_CONVERSION = YES;
				CLANG_WARN_INFINITE_RECURSION = YES;
				CLANG_WARN_INT_CONVERSION = YES;
				CLANG_WARN_OBJC_ROOT_CLASS = YES_ERROR;
				CLANG_WARN_SUSPICIOUS_MOVE = YES;
				CLANG_WARN_UNREACHABLE_CODE = YES;
				CLANG_WARN__DUPLICATE_METHOD_MATCH = YES;
				"CODE_SIGN_IDENTITY[sdk=iphoneos*]" = "iPhone Developer";
				COPY_PHASE_STRIP = NO;
				DEBUG_INFORMATION_FORMAT = dwarf;
				ENABLE_STRICT_OBJC_MSGSEND = YES;
				ENABLE_TESTABILITY = YES;
				GCC_C_LANGUAGE_STANDARD = gnu99;
				GCC_DYNAMIC_NO_PIC = NO;
				GCC_NO_COMMON_BLOCKS = YES;
				GCC_OPTIMIZATION_LEVEL = 0;
				GCC_PREPROCESSOR_DEFINITIONS = (
					"DEBUG=1",
					"$(inherited)",
				);
				GCC_WARN_64_TO_32_BIT_CONVERSION = YES;
				GCC_WARN_ABOUT_RETURN_TYPE = YES_ERROR;
				GCC_WARN_UNDECLARED_SELECTOR = YES;
				GCC_WARN_UNINITIALIZED_AUTOS = YES_AGGRESSIVE;
				GCC_WARN_UNUSED_FUNCTION = YES;
				GCC_WARN_UNUSED_VARIABLE = YES;
				IPHONEOS_DEPLOYMENT_TARGET = 10.3;
				MTL_ENABLE_DEBUG_INFO = YES;
				ONLY_ACTIVE_ARCH = YES;
				SDKROOT = iphoneos;
				SWIFT_ACTIVE_COMPILATION_CONDITIONS = DEBUG;
				SWIFT_OPTIMIZATION_LEVEL = "-Onone";
			};
			name = Debug;
		};
		27711C5B1EAB802300A1DF3F /* Release */ = {
			isa = XCBuildConfiguration;
			buildSettings = {
				ALWAYS_SEARCH_USER_PATHS = NO;
				CLANG_ANALYZER_NONNULL = YES;
				CLANG_ANALYZER_NUMBER_OBJECT_CONVERSION = YES_AGGRESSIVE;
				CLANG_CXX_LANGUAGE_STANDARD = "gnu++0x";
				CLANG_CXX_LIBRARY = "libc++";
				CLANG_ENABLE_MODULES = YES;
				CLANG_ENABLE_OBJC_ARC = YES;
				CLANG_WARN_BOOL_CONVERSION = YES;
				CLANG_WARN_CONSTANT_CONVERSION = YES;
				CLANG_WARN_DIRECT_OBJC_ISA_USAGE = YES_ERROR;
				CLANG_WARN_DOCUMENTATION_COMMENTS = YES;
				CLANG_WARN_EMPTY_BODY = YES;
				CLANG_WARN_ENUM_CONVERSION = YES;
				CLANG_WARN_INFINITE_RECURSION = YES;
				CLANG_WARN_INT_CONVERSION = YES;
				CLANG_WARN_OBJC_ROOT_CLASS = YES_ERROR;
				CLANG_WARN_SUSPICIOUS_MOVE = YES;
				CLANG_WARN_UNREACHABLE_CODE = YES;
				CLANG_WARN__DUPLICATE_METHOD_MATCH = YES;
				"CODE_SIGN_IDENTITY[sdk=iphoneos*]" = "iPhone Developer";
				COPY_PHASE_STRIP = NO;
				DEBUG_INFORMATION_FORMAT = "dwarf-with-dsym";
				ENABLE_NS_ASSERTIONS = NO;
				ENABLE_STRICT_OBJC_MSGSEND = YES;
				GCC_C_LANGUAGE_STANDARD = gnu99;
				GCC_NO_COMMON_BLOCKS = YES;
				GCC_WARN_64_TO_32_BIT_CONVERSION = YES;
				GCC_WARN_ABOUT_RETURN_TYPE = YES_ERROR;
				GCC_WARN_UNDECLARED_SELECTOR = YES;
				GCC_WARN_UNINITIALIZED_AUTOS = YES_AGGRESSIVE;
				GCC_WARN_UNUSED_FUNCTION = YES;
				GCC_WARN_UNUSED_VARIABLE = YES;
				IPHONEOS_DEPLOYMENT_TARGET = 10.3;
				MTL_ENABLE_DEBUG_INFO = NO;
				SDKROOT = iphoneos;
				SWIFT_OPTIMIZATION_LEVEL = "-Owholemodule";
				VALIDATE_PRODUCT = YES;
			};
			name = Release;
		};
		27711C5D1EAB802300A1DF3F /* Debug */ = {
			isa = XCBuildConfiguration;
			baseConfigurationReference = F3652DEFE039DA4F45AF10E2 /* Pods-LITE.debug.xcconfig */;
			buildSettings = {
				ASSETCATALOG_COMPILER_APPICON_NAME = AppIcon;
				DEVELOPMENT_TEAM = 3AD34YEUE5;
				INFOPLIST_FILE = LITE/Info.plist;
				LD_RUNPATH_SEARCH_PATHS = "$(inherited) @executable_path/Frameworks";
				PRODUCT_BUNDLE_IDENTIFIER = com.knchst.LITE;
				PRODUCT_NAME = "$(TARGET_NAME)";
				SWIFT_VERSION = 3.0;
			};
			name = Debug;
		};
		27711C5E1EAB802300A1DF3F /* Release */ = {
			isa = XCBuildConfiguration;
			baseConfigurationReference = AA3C18BA98836106E9B23A40 /* Pods-LITE.release.xcconfig */;
			buildSettings = {
				ASSETCATALOG_COMPILER_APPICON_NAME = AppIcon;
				DEVELOPMENT_TEAM = 3AD34YEUE5;
				INFOPLIST_FILE = LITE/Info.plist;
				LD_RUNPATH_SEARCH_PATHS = "$(inherited) @executable_path/Frameworks";
				PRODUCT_BUNDLE_IDENTIFIER = com.knchst.LITE;
				PRODUCT_NAME = "$(TARGET_NAME)";
				SWIFT_VERSION = 3.0;
			};
			name = Release;
		};
		27711C601EAB802300A1DF3F /* Debug */ = {
			isa = XCBuildConfiguration;
			baseConfigurationReference = FBC38CFD077409CFC9F8CB2E /* Pods-LITETests.debug.xcconfig */;
			buildSettings = {
				ALWAYS_EMBED_SWIFT_STANDARD_LIBRARIES = YES;
				BUNDLE_LOADER = "$(TEST_HOST)";
				DEVELOPMENT_TEAM = 3AD34YEUE5;
				INFOPLIST_FILE = LITETests/Info.plist;
				LD_RUNPATH_SEARCH_PATHS = "$(inherited) @executable_path/Frameworks @loader_path/Frameworks";
				PRODUCT_BUNDLE_IDENTIFIER = com.knchst.LITETests;
				PRODUCT_NAME = "$(TARGET_NAME)";
				SWIFT_VERSION = 3.0;
				TEST_HOST = "$(BUILT_PRODUCTS_DIR)/LITE.app/LITE";
			};
			name = Debug;
		};
		27711C611EAB802300A1DF3F /* Release */ = {
			isa = XCBuildConfiguration;
			baseConfigurationReference = 9DAF53590E11F50E89F33FB1 /* Pods-LITETests.release.xcconfig */;
			buildSettings = {
				ALWAYS_EMBED_SWIFT_STANDARD_LIBRARIES = YES;
				BUNDLE_LOADER = "$(TEST_HOST)";
				DEVELOPMENT_TEAM = 3AD34YEUE5;
				INFOPLIST_FILE = LITETests/Info.plist;
				LD_RUNPATH_SEARCH_PATHS = "$(inherited) @executable_path/Frameworks @loader_path/Frameworks";
				PRODUCT_BUNDLE_IDENTIFIER = com.knchst.LITETests;
				PRODUCT_NAME = "$(TARGET_NAME)";
				SWIFT_VERSION = 3.0;
				TEST_HOST = "$(BUILT_PRODUCTS_DIR)/LITE.app/LITE";
			};
			name = Release;
		};
		27711C631EAB802300A1DF3F /* Debug */ = {
			isa = XCBuildConfiguration;
			baseConfigurationReference = 1598B7D828B7E1DB482F8115 /* Pods-LITEUITests.debug.xcconfig */;
			buildSettings = {
				ALWAYS_EMBED_SWIFT_STANDARD_LIBRARIES = YES;
				DEVELOPMENT_TEAM = 3AD34YEUE5;
				INFOPLIST_FILE = LITEUITests/Info.plist;
				LD_RUNPATH_SEARCH_PATHS = "$(inherited) @executable_path/Frameworks @loader_path/Frameworks";
				PRODUCT_BUNDLE_IDENTIFIER = com.knchst.LITEUITests;
				PRODUCT_NAME = "$(TARGET_NAME)";
				SWIFT_VERSION = 3.0;
				TEST_TARGET_NAME = LITE;
			};
			name = Debug;
		};
		27711C641EAB802300A1DF3F /* Release */ = {
			isa = XCBuildConfiguration;
			baseConfigurationReference = FCC681D125A37BFF28776262 /* Pods-LITEUITests.release.xcconfig */;
			buildSettings = {
				ALWAYS_EMBED_SWIFT_STANDARD_LIBRARIES = YES;
				DEVELOPMENT_TEAM = 3AD34YEUE5;
				INFOPLIST_FILE = LITEUITests/Info.plist;
				LD_RUNPATH_SEARCH_PATHS = "$(inherited) @executable_path/Frameworks @loader_path/Frameworks";
				PRODUCT_BUNDLE_IDENTIFIER = com.knchst.LITEUITests;
				PRODUCT_NAME = "$(TARGET_NAME)";
				SWIFT_VERSION = 3.0;
				TEST_TARGET_NAME = LITE;
			};
			name = Release;
		};
/* End XCBuildConfiguration section */

/* Begin XCConfigurationList section */
		27711C2F1EAB802200A1DF3F /* Build configuration list for PBXProject "LITE" */ = {
			isa = XCConfigurationList;
			buildConfigurations = (
				27711C5A1EAB802300A1DF3F /* Debug */,
				27711C5B1EAB802300A1DF3F /* Release */,
			);
			defaultConfigurationIsVisible = 0;
			defaultConfigurationName = Release;
		};
		27711C5C1EAB802300A1DF3F /* Build configuration list for PBXNativeTarget "LITE" */ = {
			isa = XCConfigurationList;
			buildConfigurations = (
				27711C5D1EAB802300A1DF3F /* Debug */,
				27711C5E1EAB802300A1DF3F /* Release */,
			);
			defaultConfigurationIsVisible = 0;
			defaultConfigurationName = Release;
		};
		27711C5F1EAB802300A1DF3F /* Build configuration list for PBXNativeTarget "LITETests" */ = {
			isa = XCConfigurationList;
			buildConfigurations = (
				27711C601EAB802300A1DF3F /* Debug */,
				27711C611EAB802300A1DF3F /* Release */,
			);
			defaultConfigurationIsVisible = 0;
			defaultConfigurationName = Release;
		};
		27711C621EAB802300A1DF3F /* Build configuration list for PBXNativeTarget "LITEUITests" */ = {
			isa = XCConfigurationList;
			buildConfigurations = (
				27711C631EAB802300A1DF3F /* Debug */,
				27711C641EAB802300A1DF3F /* Release */,
			);
			defaultConfigurationIsVisible = 0;
			defaultConfigurationName = Release;
		};
/* End XCConfigurationList section */
	};
	rootObject = 27711C2C1EAB802200A1DF3F /* Project object */;
}
